
Microsoft Visual Studio Solution File, Format Version 12.00
# Visual Studio 15
Project("{FAE04EC0-301F-11D3-BF4B-00C04F79EFBC}") = "HajjiMusicArt", "HajjiMusicArt.csproj", "{62FD79A6-9DAF-D626-6A6C-16E41CEBAB88}"
EndProject
Project("{FAE04EC0-301F-11D3-BF4B-00C04F79EFBC}") = "HajjiMusicArt.Editor", "HajjiMusicArt.Editor.csproj", "{0764AABB-C596-30FB-6CF4-D7117D9C07A9}"
EndProject
Global
	GlobalSection(SolutionConfigurationPlatforms) = preSolution
		Debug|Any CPU = Debug|Any CPU
		Release|Any CPU = Release|Any CPU
	EndGlobalSection
	GlobalSection(ProjectConfigurationPlatforms) = postSolution
		{62FD79A6-9DAF-D626-6A6C-16E41CEBAB88}.Debug|Any CPU.ActiveCfg = Debug|Any CPU
		{62FD79A6-9DAF-D626-6A6C-16E41CEBAB88}.Debug|Any CPU.Build.0 = Debug|Any CPU
		{62FD79A6-9DAF-D626-6A6C-16E41CEBAB88}.Release|Any CPU.ActiveCfg = Release|Any CPU
		{62FD79A6-9DAF-D626-6A6C-16E41CEBAB88}.Release|Any CPU.Build.0 = Release|Any CPU
		{0764AABB-C596-30FB-6CF4-D7117D9C07A9}.Debug|Any CPU.ActiveCfg = Debug|Any CPU
		{0764AABB-C596-30FB-6CF4-D7117D9C07A9}.Debug|Any CPU.Build.0 = Debug|Any CPU
		{0764AABB-C596-30FB-6CF4-D7117D9C07A9}.Release|Any CPU.ActiveCfg = Release|Any CPU
		{0764AABB-C596-30FB-6CF4-D7117D9C07A9}.Release|Any CPU.Build.0 = Release|Any CPU
	EndGlobalSection
	GlobalSection(SolutionProperties) = preSolution
		HideSolutionNode = FALSE
	EndGlobalSection
EndGlobal
